<?xml version="1.0" encoding="utf-8"?>
<Project ToolsVersion="4.0" xmlns="http://schemas.microsoft.com/developer/msbuild/2003">
  <ItemGroup>
    <Filter Include="Renderer">
      <UniqueIdentifier>{809c4bbc-301f-4373-885c-19d0b8c49993}</UniqueIdentifier>
    </Filter>
    <Filter Include="Sys">
      <UniqueIdentifier>{967c0e1f-abbe-4cae-a5f3-7ff35982f080}</UniqueIdentifier>
    </Filter>
    <Filter Include="Input">
      <UniqueIdentifier>{65a43756-da6d-4e55-93b1-84f8b2dd8766}</UniqueIdentifier>
    </Filter>
    <Filter Include="Framework">
      <UniqueIdentifier>{5b5f39e7-9037-4463-ad75-537fa47d5782}</UniqueIdentifier>
    </Filter>
    <Filter Include="Framework\Loaders">
      <UniqueIdentifier>{cff5f771-f4f8-4228-ad5d-2d9bbb6d27c9}</UniqueIdentifier>
    </Filter>
    <Filter Include="Libs">
      <UniqueIdentifier>{48ae8955-76b5-407d-a0bd-0cafbb3e1f4e}</UniqueIdentifier>
    </Filter>
  </ItemGroup>
  <ItemGroup>
    <ClCompile Include="Sys\win_main.cpp">
      <Filter>Sys</Filter>
    </ClCompile>
    <ClCompile Include="framework\Common.cpp">
      <Filter>Framework</Filter>
    </ClCompile>
    <ClCompile Include="renderer\renderer.cpp">
      <Filter>Renderer</Filter>
    </ClCompile>
    <ClCompile Include="sys\sys_graphics.cpp">
      <Filter>Sys</Filter>
    </ClCompile>
    <ClCompile Include="sys\win_wndproc.cpp">
      <Filter>Sys</Filter>
    </ClCompile>
    <ClCompile Include="framework\resource_manager.cpp">
      <Filter>Framework</Filter>
    </ClCompile>
    <ClCompile Include="renderer\model.cpp">
      <Filter>Renderer</Filter>
    </ClCompile>
    <ClCompile Include="renderer\material.cpp">
      <Filter>Renderer</Filter>
    </ClCompile>
    <ClCompile Include="Sys\win_input.cpp">
      <Filter>Sys</Filter>
    </ClCompile>
    <ClCompile Include="input\input.cpp">
      <Filter>Input</Filter>
    </ClCompile>
    <ClCompile Include="Sys\lib_include.cpp">
      <Filter>Sys</Filter>
    </ClCompile>
    <ClCompile Include="Framework\loaders\loader_OBJ.cpp">
      <Filter>Framework\Loaders</Filter>
    </ClCompile>
    <ClCompile Include="framework\loaders\loader_CONFIG.cpp">
      <Filter>Framework\Loaders</Filter>
    </ClCompile>
  </ItemGroup>
  <ItemGroup>
    <ClInclude Include="input\input.h">
      <Filter>Input</Filter>
    </ClInclude>
    <ClInclude Include="Sys\sys_public.h">
      <Filter>Sys</Filter>
    </ClInclude>
    <ClInclude Include="framework\Common.h">
      <Filter>Framework</Filter>
    </ClInclude>
    <ClInclude Include="renderer\renderer.h">
      <Filter>Renderer</Filter>
    </ClInclude>
    <ClInclude Include="sys\win_local.h">
      <Filter>Sys</Filter>
    </ClInclude>
    <ClInclude Include="sys\sys_graphics.h">
      <Filter>Sys</Filter>
    </ClInclude>
    <ClInclude Include="renderer\TextureManager.h">
      <Filter>Renderer</Filter>
    </ClInclude>
    <ClInclude Include="renderer\Material.h">
      <Filter>Renderer</Filter>
    </ClInclude>
    <ClInclude Include="Framework\typedefs.h">
      <Filter>Framework</Filter>
    </ClInclude>
    <ClInclude Include="framework\resource_manager.h">
      <Filter>Framework</Filter>
    </ClInclude>
    <ClInclude Include="renderer\vertexBuff.h">
      <Filter>Renderer</Filter>
    </ClInclude>
    <ClInclude Include="renderer\model.h">
      <Filter>Renderer</Filter>
    </ClInclude>
    <ClInclude Include="framework\entity.h">
      <Filter>Framework</Filter>
    </ClInclude>
    <ClInclude Include="framework\math.h">
      <Filter>Framework</Filter>
    </ClInclude>
    <ClInclude Include="Framework\resource_loader.h">
      <Filter>Framework</Filter>
    </ClInclude>
    <ClInclude Include="Framework\loaders\loader_OBJ.h">
      <Filter>Framework\Loaders</Filter>
    </ClInclude>
    <ClInclude Include="Framework\loaders\loader.h">
      <Filter>Framework\Loaders</Filter>
    </ClInclude>
    <ClInclude Include="renderer\renderView.h">
      <Filter>Renderer</Filter>
    </ClInclude>
    <ClInclude Include="renderer\Texture.h">
      <Filter>Renderer</Filter>
    </ClInclude>
    <ClInclude Include="renderer\Shader.h">
      <Filter>Renderer</Filter>
    </ClInclude>
    <ClInclude Include="glm\glm\glm.hpp">
      <Filter>Libs</Filter>
    </ClInclude>
    <ClInclude Include="renderer\types.h">
      <Filter>Renderer</Filter>
    </ClInclude>
    <ClInclude Include="Sys\sys_input.h">
      <Filter>Sys</Filter>
    </ClInclude>
    <ClInclude Include="lib\rapidjson\include\rapidjson\rapidjson.h">
      <Filter>Libs</Filter>
    </ClInclude>
    <ClInclude Include="framework\loaders\loader_CONFIG.h">
      <Filter>Framework\Loaders</Filter>
    </ClInclude>
    <ClInclude Include="framework\file.h">
      <Filter>Framework</Filter>
    </ClInclude>
    <ClInclude Include="framework\level.h">
      <Filter>Framework</Filter>
    </ClInclude>
  </ItemGroup>
</Project>